Microsoft Visual Studio Solution File, Format Version 11.00
# Visual Studio 2008

Project("{4F2B06F5-8136-CC27-1EAD-E8F202FCB6C5}") = "MangoUnity", "Assembly-CSharp.csproj", "{C371C10F-0F37-EE72-8E5E-5AA20832DF74}"
EndProject
Project("{4F2B06F5-8136-CC27-1EAD-E8F202FCB6C5}") = "MangoUnity", "Assembly-CSharp-Editor.csproj", "{E363D049-8E16-0B40-8DDD-F0D65F4AAF6A}"
EndProject
Global
	GlobalSection(SolutionConfigurationPlatforms) = preSolution
		Debug|Any CPU = Debug|Any CPU
		Release|Any CPU = Release|Any CPU
	EndGlobalSection
	GlobalSection(ProjectConfigurationPlatforms) = postSolution
		{C371C10F-0F37-EE72-8E5E-5AA20832DF74}.Debug|Any CPU.ActiveCfg = Debug|Any CPU
		{C371C10F-0F37-EE72-8E5E-5AA20832DF74}.Debug|Any CPU.Build.0 = Debug|Any CPU
		{C371C10F-0F37-EE72-8E5E-5AA20832DF74}.Release|Any CPU.ActiveCfg = Release|Any CPU
		{C371C10F-0F37-EE72-8E5E-5AA20832DF74}.Release|Any CPU.Build.0 = Release|Any CPU
		{E363D049-8E16-0B40-8DDD-F0D65F4AAF6A}.Debug|Any CPU.ActiveCfg = Debug|Any CPU
		{E363D049-8E16-0B40-8DDD-F0D65F4AAF6A}.Debug|Any CPU.Build.0 = Debug|Any CPU
		{E363D049-8E16-0B40-8DDD-F0D65F4AAF6A}.Release|Any CPU.ActiveCfg = Release|Any CPU
		{E363D049-8E16-0B40-8DDD-F0D65F4AAF6A}.Release|Any CPU.Build.0 = Release|Any CPU
	EndGlobalSection
	GlobalSection(SolutionProperties) = preSolution
		HideSolutionNode = FALSE
	EndGlobalSection
													GlobalSection(MonoDevelopProperties) = preSolution
		StartupItem = Assembly-CSharp.csproj
		Policies = $0
		$0.TextStylePolicy = $1
		$1.inheritsSet = null
		$1.scope = text/x-csharp
		$0.CSharpFormattingPolicy = $2
		$2.inheritsSet = Mono
		$2.inheritsScope = text/x-csharp
		$2.scope = text/x-csharp
		$0.TextStylePolicy = $3
		$3.FileWidth = 120
		$3.TabWidth = 4
		$3.EolMarker = Unix
		$3.inheritsSet = Mono
		$3.inheritsScope = text/plain
		$3.scope = text/plain
	EndGlobalSection

EndGlobal
